// !$*UTF8*$!
{
	archiveVersion = 1;
	classes = {
	};
	objectVersion = 46;
	objects = {

/* Begin PBXBuildFile section */
		962F387B12A5D31F00D20931 /* ScriptingBridge.framework in Frameworks */ = {isa = PBXBuildFile; fileRef = 962F387A12A5D31E00D20931 /* ScriptingBridge.framework */; };
		962F387E12A5DBDD00D20931 /* iTunesManager.m in Sources */ = {isa = PBXBuildFile; fileRef = 962F387D12A5DBDD00D20931 /* iTunesManager.m */; };
		9658D66B12A5C784004DCC76 /* Foundation.framework in Frameworks */ = {isa = PBXBuildFile; fileRef = 9658D66A12A5C784004DCC76 /* Foundation.framework */; };
		9658D66E12A5C784004DCC76 /* main.m in Sources */ = {isa = PBXBuildFile; fileRef = 9658D66D12A5C784004DCC76 /* main.m */; };
/* End PBXBuildFile section */

/* Begin PBXCopyFilesBuildPhase section */
		9658D66412A5C784004DCC76 /* CopyFiles */ = {
			isa = PBXCopyFilesBuildPhase;
			buildActionMask = 2147483647;
			dstPath = /usr/share/man/man1/;
			dstSubfolderSpec = 0;
			files = (
			);
			runOnlyForDeploymentPostprocessing = 1;
		};
/* End PBXCopyFilesBuildPhase section */

/* Begin PBXFileReference section */
		962F387A12A5D31E00D20931 /* ScriptingBridge.framework */ = {isa = PBXFileReference; lastKnownFileType = wrapper.framework; name = ScriptingBridge.framework; path = System/Library/Frameworks/ScriptingBridge.framework; sourceTree = SDKROOT; };
		962F387C12A5DBDD00D20931 /* iTunesManager.h */ = {isa = PBXFileReference; fileEncoding = 4; lastKnownFileType = sourcecode.c.h; path = iTunesManager.h; sourceTree = "<group>"; };
		962F387D12A5DBDD00D20931 /* iTunesManager.m */ = {isa = PBXFileReference; fileEncoding = 4; lastKnownFileType = sourcecode.c.objc; path = iTunesManager.m; sourceTree = "<group>"; };
		9658D66612A5C784004DCC76 /* NormaliseRatings */ = {isa = PBXFileReference; explicitFileType = "compiled.mach-o.executable"; includeInIndex = 0; path = NormaliseRatings; sourceTree = BUILT_PRODUCTS_DIR; };
		9658D66A12A5C784004DCC76 /* Foundation.framework */ = {isa = PBXFileReference; lastKnownFileType = wrapper.framework; name = Foundation.framework; path = System/Library/Frameworks/Foundation.framework; sourceTree = SDKROOT; };
		9658D66C12A5C784004DCC76 /* NormaliseRatings.1 */ = {isa = PBXFileReference; lastKnownFileType = text.man; path = NormaliseRatings.1; sourceTree = "<group>"; };
		9658D66D12A5C784004DCC76 /* main.m */ = {isa = PBXFileReference; lastKnownFileType = sourcecode.c.objc; path = main.m; sourceTree = "<group>"; };
		9658D67012A5C784004DCC76 /* NormaliseRatings-Prefix.pch */ = {isa = PBXFileReference; lastKnownFileType = sourcecode.c.h; path = "NormaliseRatings-Prefix.pch"; sourceTree = "<group>"; };
		9671390312A5CCD60079394E /* iTunes.h */ = {isa = PBXFileReference; fileEncoding = 4; lastKnownFileType = sourcecode.c.h; path = iTunes.h; sourceTree = "<group>"; };
/* End PBXFileReference section */

/* Begin PBXFrameworksBuildPhase section */
		9658D66312A5C784004DCC76 /* Frameworks */ = {
			isa = PBXFrameworksBuildPhase;
			buildActionMask = 2147483647;
			files = (
				962F387B12A5D31F00D20931 /* ScriptingBridge.framework in Frameworks */,
				9658D66B12A5C784004DCC76 /* Foundation.framework in Frameworks */,
			);
			runOnlyForDeploymentPostprocessing = 0;
		};
/* End PBXFrameworksBuildPhase section */

/* Begin PBXGroup section */
		9658D65912A5C784004DCC76 = {
			isa = PBXGroup;
			children = (
				962F387A12A5D31E00D20931 /* ScriptingBridge.framework */,
				9658D66012A5C784004DCC76 /* Source */,
				9658D66112A5C784004DCC76 /* Documentation */,
				9658D66712A5C784004DCC76 /* Products */,
				9658D66912A5C784004DCC76 /* Frameworks */,
				9658D66F12A5C784004DCC76 /* Other Sources */,
			);
			sourceTree = "<group>";
		};
		9658D66012A5C784004DCC76 /* Source */ = {
			isa = PBXGroup;
			children = (
				9671390312A5CCD60079394E /* iTunes.h */,
				9658D66D12A5C784004DCC76 /* main.m */,
				962F387C12A5DBDD00D20931 /* iTunesManager.h */,
				962F387D12A5DBDD00D20931 /* iTunesManager.m */,
			);
			path = Source;
			sourceTree = "<group>";
		};
		9658D66112A5C784004DCC76 /* Documentation */ = {
			isa = PBXGroup;
			children = (
				9658D66C12A5C784004DCC76 /* NormaliseRatings.1 */,
			);
			name = Documentation;
			sourceTree = "<group>";
		};
		9658D66712A5C784004DCC76 /* Products */ = {
			isa = PBXGroup;
			children = (
				9658D66612A5C784004DCC76 /* NormaliseRatings */,
			);
			name = Products;
			sourceTree = "<group>";
		};
		9658D66912A5C784004DCC76 /* Frameworks */ = {
			isa = PBXGroup;
			children = (
				9658D66A12A5C784004DCC76 /* Foundation.framework */,
			);
			name = Frameworks;
			sourceTree = "<group>";
		};
		9658D66F12A5C784004DCC76 /* Other Sources */ = {
			isa = PBXGroup;
			children = (
				9658D67012A5C784004DCC76 /* NormaliseRatings-Prefix.pch */,
			);
			name = "Other Sources";
			sourceTree = "<group>";
		};
/* End PBXGroup section */

/* Begin PBXNativeTarget section */
		9658D66512A5C784004DCC76 /* NormaliseRatings */ = {
			isa = PBXNativeTarget;
			buildConfigurationList = 9658D67312A5C784004DCC76 /* Build configuration list for PBXNativeTarget "NormaliseRatings" */;
			buildPhases = (
				9658D66212A5C784004DCC76 /* Sources */,
				9658D66312A5C784004DCC76 /* Frameworks */,
				9658D66412A5C784004DCC76 /* CopyFiles */,
			);
			buildRules = (
			);
			dependencies = (
			);
			name = NormaliseRatings;
			productName = NormaliseRatings;
			productReference = 9658D66612A5C784004DCC76 /* NormaliseRatings */;
			productType = "com.apple.product-type.tool";
		};
/* End PBXNativeTarget section */

/* Begin PBXProject section */
		9658D65B12A5C784004DCC76 /* Project object */ = {
			isa = PBXProject;
			attributes = {
				LastUpgradeCheck = 0420;
				ORGANIZATIONNAME = "Griffith University";
			};
			buildConfigurationList = 9658D65E12A5C784004DCC76 /* Build configuration list for PBXProject "NormaliseRatings" */;
			compatibilityVersion = "Xcode 3.2";
			developmentRegion = English;
			hasScannedForEncodings = 0;
			knownRegions = (
				en,
			);
			mainGroup = 9658D65912A5C784004DCC76;
			productRefGroup = 9658D66712A5C784004DCC76 /* Products */;
			projectDirPath = "";
			projectRoot = "";
			targets = (
				9658D66512A5C784004DCC76 /* NormaliseRatings */,
			);
		};
/* End PBXProject section */

/* Begin PBXSourcesBuildPhase section */
		9658D66212A5C784004DCC76 /* Sources */ = {
			isa = PBXSourcesBuildPhase;
			buildActionMask = 2147483647;
			files = (
				9658D66E12A5C784004DCC76 /* main.m in Sources */,
				962F387E12A5DBDD00D20931 /* iTunesManager.m in Sources */,
			);
			runOnlyForDeploymentPostprocessing = 0;
		};
/* End PBXSourcesBuildPhase section */

/* Begin XCBuildConfiguration section */
		9658D67112A5C784004DCC76 /* Debug */ = {
			isa = XCBuildConfiguration;
			buildSettings = {
				ARCHS = "$(ARCHS_STANDARD_32_64_BIT)";
				GCC_C_LANGUAGE_STANDARD = "compiler-default";
				GCC_DYNAMIC_NO_PIC = NO;
				GCC_OPTIMIZATION_LEVEL = s;
				GCC_PREPROCESSOR_DEFINITIONS = DEBUG;
				GCC_VERSION = "";
				GCC_WARN_ABOUT_RETURN_TYPE = NO;
				GCC_WARN_UNUSED_VARIABLE = NO;
				MACOSX_DEPLOYMENT_TARGET = "";
				ONLY_ACTIVE_ARCH = NO;
				SDKROOT = "";
			};
			name = Debug;
		};
		9658D67212A5C784004DCC76 /* Release */ = {
			isa = XCBuildConfiguration;
			buildSettings = {
				ARCHS = "$(ARCHS_STANDARD_32_64_BIT)";
				GCC_C_LANGUAGE_STANDARD = "compiler-default";
				GCC_DYNAMIC_NO_PIC = NO;
				GCC_VERSION = "";
				GCC_WARN_ABOUT_RETURN_TYPE = NO;
				GCC_WARN_UNUSED_VARIABLE = NO;
				MACOSX_DEPLOYMENT_TARGET = "";
				ONLY_ACTIVE_ARCH = NO;
				SDKROOT = "";
			};
			name = Release;
		};
		9658D67412A5C784004DCC76 /* Debug */ = {
			isa = XCBuildConfiguration;
			buildSettings = {
				ALWAYS_SEARCH_USER_PATHS = YES;
				COPY_PHASE_STRIP = YES;
				GCC_DYNAMIC_NO_PIC = NO;
				GCC_ENABLE_OBJC_EXCEPTIONS = YES;
				GCC_PRECOMPILE_PREFIX_HEADER = NO;
				GCC_PREFIX_HEADER = "NormaliseRatings-Prefix.pch";
				GCC_VERSION = "";
				INSTALL_PATH = /usr/local/bin;
				PRODUCT_NAME = "$(TARGET_NAME)";
			};
			name = Debug;
		};
		9658D67512A5C784004DCC76 /* Release */ = {
			isa = XCBuildConfiguration;
			buildSettings = {
				ALWAYS_SEARCH_USER_PATHS = YES;
				COPY_PHASE_STRIP = YES;
				DEBUG_INFORMATION_FORMAT = dwarf;
				GCC_ENABLE_OBJC_EXCEPTIONS = YES;
				GCC_PRECOMPILE_PREFIX_HEADER = NO;
				GCC_PREFIX_HEADER = "NormaliseRatings-Prefix.pch";
				GCC_VERSION = "";
				INSTALL_PATH = /usr/local/bin;
				PRODUCT_NAME = "$(TARGET_NAME)";
			};
			name = Release;
		};
/* End XCBuildConfiguration section */

/* Begin XCConfigurationList section */
		9658D65E12A5C784004DCC76 /* Build configuration list for PBXProject "NormaliseRatings" */ = {
			isa = XCConfigurationList;
			buildConfigurations = (
				9658D67112A5C784004DCC76 /* Debug */,
				9658D67212A5C784004DCC76 /* Release */,
			);
			defaultConfigurationIsVisible = 0;
			defaultConfigurationName = Release;
		};
		9658D67312A5C784004DCC76 /* Build configuration list for PBXNativeTarget "NormaliseRatings" */ = {
			isa = XCConfigurationList;
			buildConfigurations = (
				9658D67412A5C784004DCC76 /* Debug */,
				9658D67512A5C784004DCC76 /* Release */,
			);
			defaultConfigurationIsVisible = 0;
			defaultConfigurationName = Release;
		};
/* End XCConfigurationList section */
	};
	rootObject = 9658D65B12A5C784004DCC76 /* Project object */;
}
